# @generated - this file is auto-generated by `mise lock` https://mise.jdx.dev/dev-tools/mise-lock.html

[[tools.bat]]
version = "0.26.1"
backend = "aqua:sharkdp/bat"

[tools.bat."platforms.linux-arm64"]
checksum = "sha256:6369242c584065f195fb20cb36fbd7cb63ae690605bbe89868a7596b596c2c23"
url = "https://github.com/sharkdp/bat/releases/download/v0.26.1/bat-v0.26.1-aarch64-unknown-linux-musl.tar.gz"
url_api = "https://api.github.com/repos/sharkdp/bat/releases/assets/323548153"

[tools.bat."platforms.linux-arm64-musl"]
checksum = "sha256:6369242c584065f195fb20cb36fbd7cb63ae690605bbe89868a7596b596c2c23"
url = "https://github.com/sharkdp/bat/releases/download/v0.26.1/bat-v0.26.1-aarch64-unknown-linux-musl.tar.gz"
url_api = "https://api.github.com/repos/sharkdp/bat/releases/assets/323548153"

[tools.bat."platforms.linux-x64"]
checksum = "sha256:0dcd8ac79732c0d5b136f11f4ee00e581440e16a44eab5b3105b611bbf2cf191"
url = "https://github.com/sharkdp/bat/releases/download/v0.26.1/bat-v0.26.1-x86_64-unknown-linux-musl.tar.gz"
url_api = "https://api.github.com/repos/sharkdp/bat/releases/assets/323549429"

[tools.bat."platforms.linux-x64-musl"]
checksum = "sha256:0dcd8ac79732c0d5b136f11f4ee00e581440e16a44eab5b3105b611bbf2cf191"
url = "https://github.com/sharkdp/bat/releases/download/v0.26.1/bat-v0.26.1-x86_64-unknown-linux-musl.tar.gz"
url_api = "https://api.github.com/repos/sharkdp/bat/releases/assets/323549429"

[tools.bat."platforms.macos-arm64"]
checksum = "sha256:e30beff26779c9bf60bb541e1d79046250cb74378f2757f8eb250afddb19e114"
url = "https://github.com/sharkdp/bat/releases/download/v0.26.1/bat-v0.26.1-aarch64-apple-darwin.tar.gz"
url_api = "https://api.github.com/repos/sharkdp/bat/releases/assets/323548442"

[tools.bat."platforms.macos-x64"]
checksum = "sha256:830d63b0bba1fa040542ec569e3cf77f60d3356b9de75116a344b061e0894245"
url = "https://github.com/sharkdp/bat/releases/download/v0.26.1/bat-v0.26.1-x86_64-apple-darwin.tar.gz"
url_api = "https://api.github.com/repos/sharkdp/bat/releases/assets/323549786"

[tools.bat."platforms.windows-x64"]
checksum = "sha256:0f729b4b6f5f28d395c641eacc2e9ff68d0096b85aa0eec344aa62425144b69b"
url = "https://github.com/sharkdp/bat/releases/download/v0.26.1/bat-v0.26.1-x86_64-pc-windows-msvc.zip"
url_api = "https://api.github.com/repos/sharkdp/bat/releases/assets/323549116"

[[tools."cargo:amoxide"]]
version = "0.10.5"
backend = "cargo:amoxide"

[[tools."cargo:reef-shell"]]
version = "0.3.0"
backend = "cargo:reef-shell"

[[tools.delta]]
version = "0.19.2"
backend = "aqua:dandavison/delta"

[tools.delta."platforms.linux-arm64"]
checksum = "sha256:0bfce159a5cddd5feb3d6db4a616d883ff51253ce08ac7ec11cb1d208cfaab9e"
url = "https://github.com/dandavison/delta/releases/download/0.19.2/delta-0.19.2-aarch64-unknown-linux-gnu.tar.gz"
url_api = "https://api.github.com/repos/dandavison/delta/releases/assets/383662337"

[tools.delta."platforms.linux-x64"]
checksum = "sha256:f1ea01ca7728ce3462debc359f39dfc7cbbc1a63224b71fefabf92042864aa1b"
url = "https://github.com/dandavison/delta/releases/download/0.19.2/delta-0.19.2-x86_64-unknown-linux-musl.tar.gz"
url_api = "https://api.github.com/repos/dandavison/delta/releases/assets/383662298"

[tools.delta."platforms.linux-x64-musl"]
checksum = "sha256:f1ea01ca7728ce3462debc359f39dfc7cbbc1a63224b71fefabf92042864aa1b"
url = "https://github.com/dandavison/delta/releases/download/0.19.2/delta-0.19.2-x86_64-unknown-linux-musl.tar.gz"
url_api = "https://api.github.com/repos/dandavison/delta/releases/assets/383662298"

[tools.delta."platforms.macos-arm64"]
checksum = "sha256:9be36612a5a13e9e386dc498fb8e50dc87c72ee42b63db0ea05b32f99a72a69a"
url = "https://github.com/dandavison/delta/releases/download/0.19.2/delta-0.19.2-aarch64-apple-darwin.tar.gz"
url_api = "https://api.github.com/repos/dandavison/delta/releases/assets/383662310"

[tools.delta."platforms.windows-x64"]
checksum = "sha256:ac8ebb4a9f1cbee8b9ea897ba119808a244181adae6f3bed1f3b6b923c50b557"
url = "https://github.com/dandavison/delta/releases/download/0.19.2/delta-0.19.2-x86_64-pc-windows-msvc.zip"
url_api = "https://api.github.com/repos/dandavison/delta/releases/assets/383663165"

[[tools.duf]]
version = "0.9.1"
backend = "aqua:muesli/duf"

[tools.duf."platforms.linux-arm64"]
checksum = "sha256:22ea0ad29f6610bf443aa351e600de97e47a9b380ef58316606a84bb8f595216"
url = "https://github.com/muesli/duf/releases/download/v0.9.1/duf_0.9.1_linux_arm64.tar.gz"
url_api = "https://api.github.com/repos/muesli/duf/releases/assets/291083817"

[tools.duf."platforms.linux-arm64-musl"]
checksum = "sha256:22ea0ad29f6610bf443aa351e600de97e47a9b380ef58316606a84bb8f595216"
url = "https://github.com/muesli/duf/releases/download/v0.9.1/duf_0.9.1_linux_arm64.tar.gz"
url_api = "https://api.github.com/repos/muesli/duf/releases/assets/291083817"

[tools.duf."platforms.linux-x64"]
checksum = "sha256:5add851e7062c5e56939abb664705e4d14fa2d06289490aff31d51f153832de7"
url = "https://github.com/muesli/duf/releases/download/v0.9.1/duf_0.9.1_linux_x86_64.tar.gz"
url_api = "https://api.github.com/repos/muesli/duf/releases/assets/291083805"

[tools.duf."platforms.linux-x64-musl"]
checksum = "sha256:5add851e7062c5e56939abb664705e4d14fa2d06289490aff31d51f153832de7"
url = "https://github.com/muesli/duf/releases/download/v0.9.1/duf_0.9.1_linux_x86_64.tar.gz"
url_api = "https://api.github.com/repos/muesli/duf/releases/assets/291083805"

[tools.duf."platforms.macos-arm64"]
checksum = "sha256:512ba0ff3585bb8c65841de557a4c4b8712332db005dc952fa98d373a05d01df"
url = "https://github.com/muesli/duf/releases/download/v0.9.1/duf_0.9.1_darwin_arm64.tar.gz"
url_api = "https://api.github.com/repos/muesli/duf/releases/assets/291083820"

[tools.duf."platforms.macos-x64"]
checksum = "sha256:e3384519b0055c904b7352b55cd81bd101f5dd94dab1195a72880bddca7c2aaf"
url = "https://github.com/muesli/duf/releases/download/v0.9.1/duf_0.9.1_darwin_x86_64.tar.gz"
url_api = "https://api.github.com/repos/muesli/duf/releases/assets/291083828"

[tools.duf."platforms.windows-x64"]
checksum = "sha256:503934be81f847d9ddb1b739834217480633435ad16515dd199e372c0b2e1afc"
url = "https://github.com/muesli/duf/releases/download/v0.9.1/duf_0.9.1_windows_x86_64.zip"
url_api = "https://api.github.com/repos/muesli/duf/releases/assets/291083822"

[[tools.dust]]
version = "1.2.4"
backend = "aqua:bootandy/dust"

[tools.dust."platforms.linux-arm64"]
checksum = "sha256:e09b0d24b5da0fa06aecf1561849c13ae41ef055c1ce7077e35e9a46744b16af"
url = "https://github.com/bootandy/dust/releases/download/v1.2.4/dust-v1.2.4-aarch64-unknown-linux-musl.tar.gz"
url_api = "https://api.github.com/repos/bootandy/dust/releases/assets/338101084"

[tools.dust."platforms.linux-arm64-musl"]
checksum = "sha256:e09b0d24b5da0fa06aecf1561849c13ae41ef055c1ce7077e35e9a46744b16af"
url = "https://github.com/bootandy/dust/releases/download/v1.2.4/dust-v1.2.4-aarch64-unknown-linux-musl.tar.gz"
url_api = "https://api.github.com/repos/bootandy/dust/releases/assets/338101084"

[tools.dust."platforms.linux-x64"]
checksum = "sha256:4e313f9f854017e58a2ada4c0d1774677b8cf53d63ab55a991d5871d5f504452"
url = "https://github.com/bootandy/dust/releases/download/v1.2.4/dust-v1.2.4-x86_64-unknown-linux-musl.tar.gz"
url_api = "https://api.github.com/repos/bootandy/dust/releases/assets/338099991"

[tools.dust."platforms.linux-x64-musl"]
checksum = "sha256:4e313f9f854017e58a2ada4c0d1774677b8cf53d63ab55a991d5871d5f504452"
url = "https://github.com/bootandy/dust/releases/download/v1.2.4/dust-v1.2.4-x86_64-unknown-linux-musl.tar.gz"
url_api = "https://api.github.com/repos/bootandy/dust/releases/assets/338099991"

[tools.dust."platforms.macos-arm64"]
checksum = "sha256:bf84d3ff7f58e325d3eb5bb7696df6b22ef1e01fec80c2d8f7c9d3e611be66f4"
url = "https://github.com/bootandy/dust/releases/download/v1.2.4/dust-v1.2.4-x86_64-apple-darwin.tar.gz"
url_api = "https://api.github.com/repos/bootandy/dust/releases/assets/338099240"

[tools.dust."platforms.macos-x64"]
checksum = "sha256:bf84d3ff7f58e325d3eb5bb7696df6b22ef1e01fec80c2d8f7c9d3e611be66f4"
url = "https://github.com/bootandy/dust/releases/download/v1.2.4/dust-v1.2.4-x86_64-apple-darwin.tar.gz"
url_api = "https://api.github.com/repos/bootandy/dust/releases/assets/338099240"

[tools.dust."platforms.windows-x64"]
checksum = "sha256:eb08d642f016787bb9fc918a4dc5f34665463657fddf83a40f2441cbf020fb4c"
url = "https://github.com/bootandy/dust/releases/download/v1.2.4/dust-v1.2.4-x86_64-pc-windows-msvc.zip"
url_api = "https://api.github.com/repos/bootandy/dust/releases/assets/338102043"

[[tools.eza]]
version = "0.23.5"
backend = "aqua:eza-community/eza"

[tools.eza."platforms.linux-arm64"]
checksum = "sha256:40b87ae8628aa2ff0f0d2dc24ab52f689631366385c3da630bae745671fd71ec"
url = "https://github.com/eza-community/eza/releases/download/v0.23.5/eza_aarch64-unknown-linux-gnu.tar.gz"
url_api = "https://api.github.com/repos/eza-community/eza/releases/assets/471228867"

[tools.eza."platforms.linux-x64"]
checksum = "sha256:e06eebab74b73d6b7d51a796a353824b001bea82df077706382e100815d28904"
url = "https://github.com/eza-community/eza/releases/download/v0.23.5/eza_x86_64-unknown-linux-musl.tar.gz"
url_api = "https://api.github.com/repos/eza-community/eza/releases/assets/471228890"

[tools.eza."platforms.linux-x64-musl"]
checksum = "sha256:e06eebab74b73d6b7d51a796a353824b001bea82df077706382e100815d28904"
url = "https://github.com/eza-community/eza/releases/download/v0.23.5/eza_x86_64-unknown-linux-musl.tar.gz"
url_api = "https://api.github.com/repos/eza-community/eza/releases/assets/471228890"

[tools.eza."platforms.windows-x64"]
checksum = "sha256:bbef561f5cfc8e778649b65e69c9c6e4c836c0fbe83ee3d0a5128091d797ed8a"
url = "https://github.com/eza-community/eza/releases/download/v0.23.5/eza.exe_x86_64-pc-windows-gnu.tar.gz"
url_api = "https://api.github.com/repos/eza-community/eza/releases/assets/471228877"

[[tools.fastfetch]]
version = "2.66.0"
backend = "aqua:fastfetch-cli/fastfetch"

[tools.fastfetch."platforms.linux-arm64"]
checksum = "sha256:262e0585ca0dbfaa9548a5e10fa159064f2e57583f4c0622047b2fab8b89cc86"
url = "https://github.com/fastfetch-cli/fastfetch/releases/download/2.66.0/fastfetch-linux-aarch64.tar.gz"
url_api = "https://api.github.com/repos/fastfetch-cli/fastfetch/releases/assets/472227284"

[tools.fastfetch."platforms.linux-arm64-musl"]
checksum = "sha256:262e0585ca0dbfaa9548a5e10fa159064f2e57583f4c0622047b2fab8b89cc86"
url = "https://github.com/fastfetch-cli/fastfetch/releases/download/2.66.0/fastfetch-linux-aarch64.tar.gz"
url_api = "https://api.github.com/repos/fastfetch-cli/fastfetch/releases/assets/472227284"

[tools.fastfetch."platforms.linux-x64"]
checksum = "sha256:89aed1a60547f4959300f571d478f2babd430f3e2702dcfc7731c7a623fea524"
url = "https://github.com/fastfetch-cli/fastfetch/releases/download/2.66.0/fastfetch-linux-amd64.tar.gz"
url_api = "https://api.github.com/repos/fastfetch-cli/fastfetch/releases/assets/472227155"

[tools.fastfetch."platforms.linux-x64-musl"]
checksum = "sha256:89aed1a60547f4959300f571d478f2babd430f3e2702dcfc7731c7a623fea524"
url = "https://github.com/fastfetch-cli/fastfetch/releases/download/2.66.0/fastfetch-linux-amd64.tar.gz"
url_api = "https://api.github.com/repos/fastfetch-cli/fastfetch/releases/assets/472227155"

[tools.fastfetch."platforms.macos-arm64"]
checksum = "sha256:aca7dd5c97704573dc79399f963ea919b76443f642d924c020f0243da496a54c"
url = "https://github.com/fastfetch-cli/fastfetch/releases/download/2.66.0/fastfetch-macos-aarch64.tar.gz"
url_api = "https://api.github.com/repos/fastfetch-cli/fastfetch/releases/assets/472226641"

[tools.fastfetch."platforms.macos-x64"]
checksum = "sha256:f9c7b956888f154458d80f592ea0c6f509109f1ebce330f814067cc4a742efb6"
url = "https://github.com/fastfetch-cli/fastfetch/releases/download/2.66.0/fastfetch-macos-amd64.tar.gz"
url_api = "https://api.github.com/repos/fastfetch-cli/fastfetch/releases/assets/472226610"

[tools.fastfetch."platforms.windows-x64"]
checksum = "sha256:3035b8add360bc3142ce81ac39be352d3738273224e232195217f01c2398c87a"
url = "https://github.com/fastfetch-cli/fastfetch/releases/download/2.66.0/fastfetch-windows-amd64.zip"
url_api = "https://api.github.com/repos/fastfetch-cli/fastfetch/releases/assets/472226375"

[[tools.fd]]
version = "10.4.2"
backend = "aqua:sharkdp/fd"

[tools.fd."platforms.linux-arm64"]
checksum = "sha256:f32d3657473fba74e2600babc8db0b93420d51169223b7e8143b2ed55d8fd9e8"
url = "https://github.com/sharkdp/fd/releases/download/v10.4.2/fd-v10.4.2-aarch64-unknown-linux-musl.tar.gz"
url_api = "https://api.github.com/repos/sharkdp/fd/releases/assets/370662859"

[tools.fd."platforms.linux-arm64-musl"]
checksum = "sha256:f32d3657473fba74e2600babc8db0b93420d51169223b7e8143b2ed55d8fd9e8"
url = "https://github.com/sharkdp/fd/releases/download/v10.4.2/fd-v10.4.2-aarch64-unknown-linux-musl.tar.gz"
url_api = "https://api.github.com/repos/sharkdp/fd/releases/assets/370662859"

[tools.fd."platforms.linux-x64"]
checksum = "sha256:e3257d48e29a6be965187dbd24ce9af564e0fe67b3e73c9bdcd180f4ec11bdde"
url = "https://github.com/sharkdp/fd/releases/download/v10.4.2/fd-v10.4.2-x86_64-unknown-linux-musl.tar.gz"
url_api = "https://api.github.com/repos/sharkdp/fd/releases/assets/370662855"

[tools.fd."platforms.linux-x64-musl"]
checksum = "sha256:e3257d48e29a6be965187dbd24ce9af564e0fe67b3e73c9bdcd180f4ec11bdde"
url = "https://github.com/sharkdp/fd/releases/download/v10.4.2/fd-v10.4.2-x86_64-unknown-linux-musl.tar.gz"
url_api = "https://api.github.com/repos/sharkdp/fd/releases/assets/370662855"

[tools.fd."platforms.macos-arm64"]
checksum = "sha256:623dc0afc81b92e4d4606b380d7bc91916ba7b97814263e554d50923a39e480a"
url = "https://github.com/sharkdp/fd/releases/download/v10.4.2/fd-v10.4.2-aarch64-apple-darwin.tar.gz"
url_api = "https://api.github.com/repos/sharkdp/fd/releases/assets/370661116"

[tools.fd."platforms.windows-x64"]
checksum = "sha256:b2816e506390a89941c63c9187d58a3cc10e9a55f2ef0685f9ea0eccaf7c98c8"
url = "https://github.com/sharkdp/fd/releases/download/v10.4.2/fd-v10.4.2-x86_64-pc-windows-msvc.zip"
url_api = "https://api.github.com/repos/sharkdp/fd/releases/assets/370661516"

[[tools.fx]]
version = "39.2.0"
backend = "aqua:antonmedv/fx"

[tools.fx."platforms.linux-arm64"]
checksum = "sha256:85ea8435b0a80b6d31ffa9f61ac9b67d9bb8f0ffffabdfe5e7e587b07a0a0684"
url = "https://github.com/antonmedv/fx/releases/download/39.2.0/fx_linux_arm64"
url_api = "https://api.github.com/repos/antonmedv/fx/releases/assets/315468985"

[tools.fx."platforms.linux-arm64-musl"]
checksum = "sha256:85ea8435b0a80b6d31ffa9f61ac9b67d9bb8f0ffffabdfe5e7e587b07a0a0684"
url = "https://github.com/antonmedv/fx/releases/download/39.2.0/fx_linux_arm64"
url_api = "https://api.github.com/repos/antonmedv/fx/releases/assets/315468985"

[tools.fx."platforms.linux-x64"]
checksum = "sha256:17ea6549c7cf0b8be5ec109d04da7fbf1d5de9f7b99d957a6215081933528afe"
url = "https://github.com/antonmedv/fx/releases/download/39.2.0/fx_linux_amd64"
url_api = "https://api.github.com/repos/antonmedv/fx/releases/assets/315468989"

[tools.fx."platforms.linux-x64-musl"]
checksum = "sha256:17ea6549c7cf0b8be5ec109d04da7fbf1d5de9f7b99d957a6215081933528afe"
url = "https://github.com/antonmedv/fx/releases/download/39.2.0/fx_linux_amd64"
url_api = "https://api.github.com/repos/antonmedv/fx/releases/assets/315468989"

[tools.fx."platforms.macos-arm64"]
checksum = "sha256:5d7dadbf8ac4e4a55b5b6d31bdd958b90823292997ba9ddae395f66417bb4a9b"
url = "https://github.com/antonmedv/fx/releases/download/39.2.0/fx_darwin_arm64"
url_api = "https://api.github.com/repos/antonmedv/fx/releases/assets/315468988"

[tools.fx."platforms.macos-x64"]
checksum = "sha256:2ad7d0a6e1ea67ab10a22cc06825fdc776511e8f412926d1c752b630eac12e02"
url = "https://github.com/antonmedv/fx/releases/download/39.2.0/fx_darwin_amd64"
url_api = "https://api.github.com/repos/antonmedv/fx/releases/assets/315468986"

[tools.fx."platforms.windows-x64"]
checksum = "sha256:00fbddd7bd67f747a51aecc0a5bafcc695a21dfae7b912684510722c8e2d6d22"
url = "https://github.com/antonmedv/fx/releases/download/39.2.0/fx_windows_amd64.exe"
url_api = "https://api.github.com/repos/antonmedv/fx/releases/assets/315468991"

[[tools.fzf]]
version = "0.74.1"
backend = "aqua:junegunn/fzf"

[tools.fzf."platforms.linux-arm64"]
checksum = "sha256:f22204dd1a091d43e102268d062fd53b47133c8d8581671ee5eb225b75e31183"
url = "https://github.com/junegunn/fzf/releases/download/v0.74.1/fzf-0.74.1-linux_arm64.tar.gz"
url_api = "https://api.github.com/repos/junegunn/fzf/releases/assets/481468085"

[tools.fzf."platforms.linux-arm64-musl"]
checksum = "sha256:f22204dd1a091d43e102268d062fd53b47133c8d8581671ee5eb225b75e31183"
url = "https://github.com/junegunn/fzf/releases/download/v0.74.1/fzf-0.74.1-linux_arm64.tar.gz"
url_api = "https://api.github.com/repos/junegunn/fzf/releases/assets/481468085"

[tools.fzf."platforms.linux-x64"]
checksum = "sha256:df53438be5f51e151bb4044d78fda72bdfe209e3ecd2baecae48e8dea370c81b"
url = "https://github.com/junegunn/fzf/releases/download/v0.74.1/fzf-0.74.1-linux_amd64.tar.gz"
url_api = "https://api.github.com/repos/junegunn/fzf/releases/assets/481468039"

[tools.fzf."platforms.linux-x64-musl"]
checksum = "sha256:df53438be5f51e151bb4044d78fda72bdfe209e3ecd2baecae48e8dea370c81b"
url = "https://github.com/junegunn/fzf/releases/download/v0.74.1/fzf-0.74.1-linux_amd64.tar.gz"
url_api = "https://api.github.com/repos/junegunn/fzf/releases/assets/481468039"

[tools.fzf."platforms.macos-arm64"]
checksum = "sha256:849d1d33b050f04dd6b765665e417da151b0e4654dbed8f55c60fd8e23f3ba20"
url = "https://github.com/junegunn/fzf/releases/download/v0.74.1/fzf-0.74.1-darwin_arm64.tar.gz"
url_api = "https://api.github.com/repos/junegunn/fzf/releases/assets/481468061"

[tools.fzf."platforms.macos-x64"]
checksum = "sha256:642f29fb2800690385efb176a209b14d9f593795f0f70ee12c919ee15472e439"
url = "https://github.com/junegunn/fzf/releases/download/v0.74.1/fzf-0.74.1-darwin_amd64.tar.gz"
url_api = "https://api.github.com/repos/junegunn/fzf/releases/assets/481468093"

[tools.fzf."platforms.windows-x64"]
checksum = "sha256:d83a94a68a9203f6366754123c0e4d7a61e16be18a5d845f4838664b330c4f5f"
url = "https://github.com/junegunn/fzf/releases/download/v0.74.1/fzf-0.74.1-windows_amd64.zip"
url_api = "https://api.github.com/repos/junegunn/fzf/releases/assets/481468090"

[[tools.gh]]
version = "2.96.0"
backend = "aqua:cli/cli"

[tools.gh."platforms.linux-arm64"]
checksum = "sha256:06f86ec7103d41993b76cd78072f43595c34aaa56506d971d9860e67140bf909"
url = "https://github.com/cli/cli/releases/download/v2.96.0/gh_2.96.0_linux_arm64.tar.gz"
url_api = "https://api.github.com/repos/cli/cli/releases/assets/464728549"
provenance = "github-attestations"

[tools.gh."platforms.linux-arm64-musl"]
checksum = "sha256:06f86ec7103d41993b76cd78072f43595c34aaa56506d971d9860e67140bf909"
url = "https://github.com/cli/cli/releases/download/v2.96.0/gh_2.96.0_linux_arm64.tar.gz"
url_api = "https://api.github.com/repos/cli/cli/releases/assets/464728549"
provenance = "github-attestations"

[tools.gh."platforms.linux-x64"]
checksum = "sha256:83d5c2ccad5498f58bf6368acb1ab32588cf43ab3a4b1c301bf36328b1c8bd60"
url = "https://github.com/cli/cli/releases/download/v2.96.0/gh_2.96.0_linux_amd64.tar.gz"
url_api = "https://api.github.com/repos/cli/cli/releases/assets/464728543"
provenance = "github-attestations"

[tools.gh."platforms.linux-x64-musl"]
checksum = "sha256:83d5c2ccad5498f58bf6368acb1ab32588cf43ab3a4b1c301bf36328b1c8bd60"
url = "https://github.com/cli/cli/releases/download/v2.96.0/gh_2.96.0_linux_amd64.tar.gz"
url_api = "https://api.github.com/repos/cli/cli/releases/assets/464728543"
provenance = "github-attestations"

[tools.gh."platforms.macos-arm64"]
checksum = "sha256:f23a0c37d963aacc3bed703ccbd59b41c5ca22101fab7f00eb2b7cad23aba463"
url = "https://github.com/cli/cli/releases/download/v2.96.0/gh_2.96.0_macOS_arm64.zip"
url_api = "https://api.github.com/repos/cli/cli/releases/assets/464728562"
provenance = "github-attestations"

[tools.gh."platforms.macos-x64"]
checksum = "sha256:4bd449df9ad639391bc62b8032546f0fe9edcd8526e06682a4f88abd8c5d163c"
url = "https://github.com/cli/cli/releases/download/v2.96.0/gh_2.96.0_macOS_amd64.zip"
url_api = "https://api.github.com/repos/cli/cli/releases/assets/464728560"
provenance = "github-attestations"

[tools.gh."platforms.windows-x64"]
checksum = "sha256:c2d6acc935cd2f00e2144d7e036d5cd82e6b6bd5594e8c75aa75ef2a4ed6aac3"
url = "https://github.com/cli/cli/releases/download/v2.96.0/gh_2.96.0_windows_amd64.zip"
url_api = "https://api.github.com/repos/cli/cli/releases/assets/464728577"
provenance = "github-attestations"

[[tools.go]]
version = "1.26.5"
backend = "core:go"

[tools.go."platforms.linux-arm64"]
checksum = "sha256:fe4789e92b1f33358680864bbe8704289e7bb5fc207d80623c308935bd696d49"
url = "https://dl.google.com/go/go1.26.5.linux-arm64.tar.gz"

[tools.go."platforms.linux-arm64-musl"]
checksum = "sha256:fe4789e92b1f33358680864bbe8704289e7bb5fc207d80623c308935bd696d49"
url = "https://dl.google.com/go/go1.26.5.linux-arm64.tar.gz"

[tools.go."platforms.linux-x64"]
checksum = "sha256:5c2c3b16caefa1d968a94c1daca04a7ca301a496d9b086e17ad77bb81393f053"
url = "https://dl.google.com/go/go1.26.5.linux-amd64.tar.gz"

[tools.go."platforms.linux-x64-musl"]
checksum = "sha256:5c2c3b16caefa1d968a94c1daca04a7ca301a496d9b086e17ad77bb81393f053"
url = "https://dl.google.com/go/go1.26.5.linux-amd64.tar.gz"

[tools.go."platforms.macos-arm64"]
checksum = "sha256:efb87ff28af9a188d0536ef5d42e63dd52ba8263cd7344a993cc48dd11dedb6a"
url = "https://dl.google.com/go/go1.26.5.darwin-arm64.tar.gz"

[tools.go."platforms.macos-x64"]
checksum = "sha256:6231d8d3b8f5552ec6cbf6d685bdd5482e1e703214b120e89b3bf0d7bf1ef725"
url = "https://dl.google.com/go/go1.26.5.darwin-amd64.tar.gz"

[tools.go."platforms.windows-x64"]
checksum = "sha256:97e6b2a833b6d89f9ff17d25419ac0a7e3b482a044e9ab18cdef834bd834fd38"
url = "https://dl.google.com/go/go1.26.5.windows-amd64.zip"

[[tools.gum]]
version = "0.17.0"
backend = "aqua:charmbracelet/gum"

[tools.gum."platforms.linux-arm64"]
checksum = "sha256:b0b9ed95cbf7c8b7073f17b9591811f5c001e33c7cfd066ca83ce8a07c576f9c"
url = "https://github.com/charmbracelet/gum/releases/download/v0.17.0/gum_0.17.0_Linux_arm64.tar.gz"
url_api = "https://api.github.com/repos/charmbracelet/gum/releases/assets/290080957"

[tools.gum."platforms.linux-arm64-musl"]
checksum = "sha256:b0b9ed95cbf7c8b7073f17b9591811f5c001e33c7cfd066ca83ce8a07c576f9c"
url = "https://github.com/charmbracelet/gum/releases/download/v0.17.0/gum_0.17.0_Linux_arm64.tar.gz"
url_api = "https://api.github.com/repos/charmbracelet/gum/releases/assets/290080957"

[tools.gum."platforms.linux-x64"]
checksum = "sha256:69ee169bd6387331928864e94d47ed01ef649fbfe875baed1bbf27b5377a6fdb"
url = "https://github.com/charmbracelet/gum/releases/download/v0.17.0/gum_0.17.0_Linux_x86_64.tar.gz"
url_api = "https://api.github.com/repos/charmbracelet/gum/releases/assets/290080949"

[tools.gum."platforms.linux-x64-musl"]
checksum = "sha256:69ee169bd6387331928864e94d47ed01ef649fbfe875baed1bbf27b5377a6fdb"
url = "https://github.com/charmbracelet/gum/releases/download/v0.17.0/gum_0.17.0_Linux_x86_64.tar.gz"
url_api = "https://api.github.com/repos/charmbracelet/gum/releases/assets/290080949"

[tools.gum."platforms.macos-arm64"]
checksum = "sha256:e2a4b8596efa05821d8c58d0c1afbcd7ad1699ba69c689cc3ff23a4a99c8b237"
url = "https://github.com/charmbracelet/gum/releases/download/v0.17.0/gum_0.17.0_Darwin_arm64.tar.gz"
url_api = "https://api.github.com/repos/charmbracelet/gum/releases/assets/290080948"

[tools.gum."platforms.macos-x64"]
checksum = "sha256:cd66576aeebe6cd19c771863c7e8d696e0e1d5387d1e7075666baa67c2052e53"
url = "https://github.com/charmbracelet/gum/releases/download/v0.17.0/gum_0.17.0_Darwin_x86_64.tar.gz"
url_api = "https://api.github.com/repos/charmbracelet/gum/releases/assets/290080970"

[tools.gum."platforms.windows-x64"]
checksum = "sha256:b2be80531c6babc8d4e0e6ca95773d58118a2e1582ae006aace08dbc55503072"
url = "https://github.com/charmbracelet/gum/releases/download/v0.17.0/gum_0.17.0_Windows_x86_64.zip"
url_api = "https://api.github.com/repos/charmbracelet/gum/releases/assets/290080922"

[[tools.jq]]
version = "1.8.2"
backend = "aqua:jqlang/jq"

[tools.jq."platforms.linux-arm64"]
checksum = "sha256:8b85c817833814ddca00a144c33705546355afccf0cf39b188f3cdb48b852309"
url = "https://github.com/jqlang/jq/releases/download/jq-1.8.2/jq-linux-arm64"
url_api = "https://api.github.com/repos/jqlang/jq/releases/assets/453012756"
provenance = "github-attestations"

[tools.jq."platforms.linux-arm64-musl"]
checksum = "sha256:8b85c817833814ddca00a144c33705546355afccf0cf39b188f3cdb48b852309"
url = "https://github.com/jqlang/jq/releases/download/jq-1.8.2/jq-linux-arm64"
url_api = "https://api.github.com/repos/jqlang/jq/releases/assets/453012756"
provenance = "github-attestations"

[tools.jq."platforms.linux-x64"]
checksum = "sha256:b1c22172dd303f3be49e935aa56aa48a8b7a46e0bc838b4997d3bb451495870f"
url = "https://github.com/jqlang/jq/releases/download/jq-1.8.2/jq-linux-amd64"
url_api = "https://api.github.com/repos/jqlang/jq/releases/assets/453012752"
provenance = "github-attestations"

[tools.jq."platforms.linux-x64-musl"]
checksum = "sha256:b1c22172dd303f3be49e935aa56aa48a8b7a46e0bc838b4997d3bb451495870f"
url = "https://github.com/jqlang/jq/releases/download/jq-1.8.2/jq-linux-amd64"
url_api = "https://api.github.com/repos/jqlang/jq/releases/assets/453012752"
provenance = "github-attestations"

[tools.jq."platforms.macos-arm64"]
checksum = "sha256:2d75340ba57a4b4b4c8708a21c2dc8e958a48aaa8bba13b27f77f6e4c0eca07e"
url = "https://github.com/jqlang/jq/releases/download/jq-1.8.2/jq-macos-arm64"
url_api = "https://api.github.com/repos/jqlang/jq/releases/assets/453012783"
provenance = "github-attestations"

[tools.jq."platforms.macos-x64"]
checksum = "sha256:e94b266e3c26690550006abe63152b782280f4e14374accdf04cbde844f00bc0"
url = "https://github.com/jqlang/jq/releases/download/jq-1.8.2/jq-macos-amd64"
url_api = "https://api.github.com/repos/jqlang/jq/releases/assets/453012782"
provenance = "github-attestations"

[tools.jq."platforms.windows-x64"]
checksum = "sha256:a6fc67fedaf9128a3309a1e2ebb8b986aeccf70122ee46d2cb4849e423f0c627"
url = "https://github.com/jqlang/jq/releases/download/jq-1.8.2/jq-windows-amd64.exe"
url_api = "https://api.github.com/repos/jqlang/jq/releases/assets/453012788"
provenance = "github-attestations"

[[tools.lazydocker]]
version = "0.25.2"
backend = "aqua:jesseduffield/lazydocker"

[tools.lazydocker."platforms.linux-arm64"]
checksum = "sha256:005c38b685aaa557e7d646d83a3dadb5024340eeed8c6a2e1949eee6f530de23"
url = "https://github.com/jesseduffield/lazydocker/releases/download/v0.25.2/lazydocker_0.25.2_Linux_arm64.tar.gz"
url_api = "https://api.github.com/repos/jesseduffield/lazydocker/releases/assets/399711570"

[tools.lazydocker."platforms.linux-arm64-musl"]
checksum = "sha256:005c38b685aaa557e7d646d83a3dadb5024340eeed8c6a2e1949eee6f530de23"
url = "https://github.com/jesseduffield/lazydocker/releases/download/v0.25.2/lazydocker_0.25.2_Linux_arm64.tar.gz"
url_api = "https://api.github.com/repos/jesseduffield/lazydocker/releases/assets/399711570"

[tools.lazydocker."platforms.linux-x64"]
checksum = "sha256:0d9dbfc26068b218e7ed84b104748cadc6e3cf733c0afd35465306fb39b9523c"
url = "https://github.com/jesseduffield/lazydocker/releases/download/v0.25.2/lazydocker_0.25.2_Linux_x86_64.tar.gz"
url_api = "https://api.github.com/repos/jesseduffield/lazydocker/releases/assets/399711577"

[tools.lazydocker."platforms.linux-x64-musl"]
checksum = "sha256:0d9dbfc26068b218e7ed84b104748cadc6e3cf733c0afd35465306fb39b9523c"
url = "https://github.com/jesseduffield/lazydocker/releases/download/v0.25.2/lazydocker_0.25.2_Linux_x86_64.tar.gz"
url_api = "https://api.github.com/repos/jesseduffield/lazydocker/releases/assets/399711577"

[tools.lazydocker."platforms.macos-arm64"]
checksum = "sha256:4a54d7b4abdf255b2bce9806641eac5568d5b7fbc820c1b5d3f9e34ea1367d60"
url = "https://github.com/jesseduffield/lazydocker/releases/download/v0.25.2/lazydocker_0.25.2_Darwin_arm64.tar.gz"
url_api = "https://api.github.com/repos/jesseduffield/lazydocker/releases/assets/399711580"

[tools.lazydocker."platforms.macos-x64"]
checksum = "sha256:af70b6e234089aa24924db25fc201d17f224e76d334e743e4595d30cf83a013b"
url = "https://github.com/jesseduffield/lazydocker/releases/download/v0.25.2/lazydocker_0.25.2_Darwin_x86_64.tar.gz"
url_api = "https://api.github.com/repos/jesseduffield/lazydocker/releases/assets/399711563"

[tools.lazydocker."platforms.windows-x64"]
checksum = "sha256:facae8869c1bf144468191c563002162273a2c2761f052659170530cae3fa8a9"
url = "https://github.com/jesseduffield/lazydocker/releases/download/v0.25.2/lazydocker_0.25.2_Windows_x86_64.zip"
url_api = "https://api.github.com/repos/jesseduffield/lazydocker/releases/assets/399711571"

[[tools.lazygit]]
version = "0.63.1"
backend = "aqua:jesseduffield/lazygit"

[tools.lazygit."platforms.linux-arm64"]
checksum = "sha256:555dbc9a8efcf2e33bc24e7fbd9463e9fa375e3c5e23cc270763733c38eeae36"
url = "https://github.com/jesseduffield/lazygit/releases/download/v0.63.1/lazygit_0.63.1_linux_arm64.tar.gz"
url_api = "https://api.github.com/repos/jesseduffield/lazygit/releases/assets/477867689"

[tools.lazygit."platforms.linux-arm64-musl"]
checksum = "sha256:555dbc9a8efcf2e33bc24e7fbd9463e9fa375e3c5e23cc270763733c38eeae36"
url = "https://github.com/jesseduffield/lazygit/releases/download/v0.63.1/lazygit_0.63.1_linux_arm64.tar.gz"
url_api = "https://api.github.com/repos/jesseduffield/lazygit/releases/assets/477867689"

[tools.lazygit."platforms.linux-x64"]
checksum = "sha256:8e033bc78c8e192dee9510e951f6c9e154289b7198d22c924ed1d0a951b0dac1"
url = "https://github.com/jesseduffield/lazygit/releases/download/v0.63.1/lazygit_0.63.1_linux_x86_64.tar.gz"
url_api = "https://api.github.com/repos/jesseduffield/lazygit/releases/assets/477867706"

[tools.lazygit."platforms.linux-x64-musl"]
checksum = "sha256:8e033bc78c8e192dee9510e951f6c9e154289b7198d22c924ed1d0a951b0dac1"
url = "https://github.com/jesseduffield/lazygit/releases/download/v0.63.1/lazygit_0.63.1_linux_x86_64.tar.gz"
url_api = "https://api.github.com/repos/jesseduffield/lazygit/releases/assets/477867706"

[tools.lazygit."platforms.macos-arm64"]
checksum = "sha256:b963e9d0a1f4649708c594ac6c999cdcd435f8e679e220e78e87c4642badedd6"
url = "https://github.com/jesseduffield/lazygit/releases/download/v0.63.1/lazygit_0.63.1_darwin_arm64.tar.gz"
url_api = "https://api.github.com/repos/jesseduffield/lazygit/releases/assets/477867701"

[tools.lazygit."platforms.macos-x64"]
checksum = "sha256:5cc02389cc189b1146aa330615f0c547996395ca7661e56f946670947e803006"
url = "https://github.com/jesseduffield/lazygit/releases/download/v0.63.1/lazygit_0.63.1_darwin_x86_64.tar.gz"
url_api = "https://api.github.com/repos/jesseduffield/lazygit/releases/assets/477867703"

[tools.lazygit."platforms.windows-x64"]
checksum = "sha256:230721fb5f0d5c0e91555bd4bd76f5213477b116027f1c0fe222b70d49f58ea0"
url = "https://github.com/jesseduffield/lazygit/releases/download/v0.63.1/lazygit_0.63.1_windows_x86_64.zip"
url_api = "https://api.github.com/repos/jesseduffield/lazygit/releases/assets/477867700"

[[tools.neovim]]
version = "0.12.4"
backend = "vfox:mise-plugins/vfox-neovim"

[tools.neovim."platforms.linux-arm64"]
url = "https://github.com/neovim/neovim/releases/download/v0.12.4/nvim-linux-arm64.tar.gz"

[tools.neovim."platforms.linux-arm64-musl"]
url = "https://github.com/neovim/neovim/releases/download/v0.12.4/nvim-linux-arm64.tar.gz"

[tools.neovim."platforms.linux-x64"]
url = "https://github.com/neovim/neovim/releases/download/v0.12.4/nvim-linux-x86_64.tar.gz"

[tools.neovim."platforms.linux-x64-musl"]
url = "https://github.com/neovim/neovim/releases/download/v0.12.4/nvim-linux-x86_64.tar.gz"

[tools.neovim."platforms.macos-arm64"]
url = "https://github.com/neovim/neovim/releases/download/v0.12.4/nvim-macos-arm64.tar.gz"

[tools.neovim."platforms.macos-x64"]
url = "https://github.com/neovim/neovim/releases/download/v0.12.4/nvim-macos-x86_64.tar.gz"

[tools.neovim."platforms.windows-x64"]
url = "https://github.com/neovim/neovim/releases/download/v0.12.4/nvim-win64.zip"

[[tools.ripgrep]]
version = "15.2.0"
backend = "aqua:BurntSushi/ripgrep"

[tools.ripgrep."platforms.linux-arm64"]
checksum = "sha256:a740b91c82eaf9914cfedd353572f2791cbe0162c84101ee0951058f4dcbc90d"
url = "https://github.com/BurntSushi/ripgrep/releases/download/15.2.0/ripgrep-15.2.0-aarch64-unknown-linux-gnu.tar.gz"
url_api = "https://api.github.com/repos/BurntSushi/ripgrep/releases/assets/478119579"

[tools.ripgrep."platforms.linux-arm64-musl"]
checksum = "sha256:800b1e7206afe799dfb5a6901f23147cfaabe0e52210538100f61e86e1740915"
url = "https://github.com/BurntSushi/ripgrep/releases/download/15.2.0/ripgrep-15.2.0-aarch64-unknown-linux-musl.tar.gz"
url_api = "https://api.github.com/repos/BurntSushi/ripgrep/releases/assets/478120060"

[tools.ripgrep."platforms.linux-x64"]
checksum = "sha256:33e15bcf1624b25cdd2a55813a47a2f95dbe126268203e76aa6a585d1e7b149c"
url = "https://github.com/BurntSushi/ripgrep/releases/download/15.2.0/ripgrep-15.2.0-x86_64-unknown-linux-musl.tar.gz"
url_api = "https://api.github.com/repos/BurntSushi/ripgrep/releases/assets/478120097"

[tools.ripgrep."platforms.linux-x64-musl"]
checksum = "sha256:33e15bcf1624b25cdd2a55813a47a2f95dbe126268203e76aa6a585d1e7b149c"
url = "https://github.com/BurntSushi/ripgrep/releases/download/15.2.0/ripgrep-15.2.0-x86_64-unknown-linux-musl.tar.gz"
url_api = "https://api.github.com/repos/BurntSushi/ripgrep/releases/assets/478120097"

[tools.ripgrep."platforms.macos-arm64"]
checksum = "sha256:3750b2e93f37e0c692657da574d7019a101c0084da05a790c83fd335bad973e4"
url = "https://github.com/BurntSushi/ripgrep/releases/download/15.2.0/ripgrep-15.2.0-aarch64-apple-darwin.tar.gz"
url_api = "https://api.github.com/repos/BurntSushi/ripgrep/releases/assets/478118851"

[tools.ripgrep."platforms.macos-x64"]
checksum = "sha256:af7825fcc69a2afc7a7aea55fc9af90e26421d8f20fe59df32e233c0b8a231c1"
url = "https://github.com/BurntSushi/ripgrep/releases/download/15.2.0/ripgrep-15.2.0-x86_64-apple-darwin.tar.gz"
url_api = "https://api.github.com/repos/BurntSushi/ripgrep/releases/assets/478119585"

[tools.ripgrep."platforms.windows-x64"]
checksum = "sha256:71b2fef860abe467217a538ff31de02f5258807c0129f771846f87bd029aafc5"
url = "https://github.com/BurntSushi/ripgrep/releases/download/15.2.0/ripgrep-15.2.0-x86_64-pc-windows-msvc.zip"
url_api = "https://api.github.com/repos/BurntSushi/ripgrep/releases/assets/478119643"

[[tools.rust]]
version = "1.97.1"
backend = "core:rust"

[[tools.scooter]]
version = "0.9.1"
backend = "aqua:thomasschafer/scooter"

[tools.scooter."platforms.linux-arm64"]
checksum = "sha256:196c9ac34ab7d4135bb595b495f2bb3f40534328bf6b411120549e66984f05c0"
url = "https://github.com/thomasschafer/scooter/releases/download/v0.9.1/scooter-v0.9.1-aarch64-unknown-linux-musl.tar.gz"
url_api = "https://api.github.com/repos/thomasschafer/scooter/releases/assets/403592984"

[tools.scooter."platforms.linux-arm64-musl"]
checksum = "sha256:196c9ac34ab7d4135bb595b495f2bb3f40534328bf6b411120549e66984f05c0"
url = "https://github.com/thomasschafer/scooter/releases/download/v0.9.1/scooter-v0.9.1-aarch64-unknown-linux-musl.tar.gz"
url_api = "https://api.github.com/repos/thomasschafer/scooter/releases/assets/403592984"

[tools.scooter."platforms.linux-x64"]
checksum = "sha256:ea619a20844b8833c220d50fc1cd5ccd8700dd1069685629fa0c5a6439d41045"
url = "https://github.com/thomasschafer/scooter/releases/download/v0.9.1/scooter-v0.9.1-x86_64-unknown-linux-musl.tar.gz"
url_api = "https://api.github.com/repos/thomasschafer/scooter/releases/assets/403592926"

[tools.scooter."platforms.linux-x64-musl"]
checksum = "sha256:ea619a20844b8833c220d50fc1cd5ccd8700dd1069685629fa0c5a6439d41045"
url = "https://github.com/thomasschafer/scooter/releases/download/v0.9.1/scooter-v0.9.1-x86_64-unknown-linux-musl.tar.gz"
url_api = "https://api.github.com/repos/thomasschafer/scooter/releases/assets/403592926"

[tools.scooter."platforms.macos-arm64"]
checksum = "sha256:58e5f2a7ff240b381658ab9f4a0cc1e1f7953974aa5db2535b9299dbd2e297f4"
url = "https://github.com/thomasschafer/scooter/releases/download/v0.9.1/scooter-v0.9.1-aarch64-apple-darwin.tar.gz"
url_api = "https://api.github.com/repos/thomasschafer/scooter/releases/assets/403592085"

[tools.scooter."platforms.macos-x64"]
checksum = "sha256:10d7d44708f2bf7ae838e85e79869c12fc831ea356d4691aa8b7fccbc362da73"
url = "https://github.com/thomasschafer/scooter/releases/download/v0.9.1/scooter-v0.9.1-x86_64-apple-darwin.tar.gz"
url_api = "https://api.github.com/repos/thomasschafer/scooter/releases/assets/403593614"

[tools.scooter."platforms.windows-x64"]
checksum = "sha256:ed999c327c51507711fd62b8da58849e9854e379494b0b307299c4f00deccb93"
url = "https://github.com/thomasschafer/scooter/releases/download/v0.9.1/scooter-v0.9.1-x86_64-pc-windows-msvc.zip"
url_api = "https://api.github.com/repos/thomasschafer/scooter/releases/assets/403593485"

[[tools.starship]]
version = "1.26.0"
backend = "aqua:starship/starship"

[tools.starship."platforms.linux-arm64"]
checksum = "sha256:dc30189378d2f2e287384e8a692d3f95ad1df64cf0e8c36aa9201516028aed6b"
url = "https://github.com/starship/starship/releases/download/v1.26.0/starship-aarch64-unknown-linux-musl.tar.gz"
url_api = "https://api.github.com/repos/starship/starship/releases/assets/460374586"

[tools.starship."platforms.linux-arm64-musl"]
checksum = "sha256:dc30189378d2f2e287384e8a692d3f95ad1df64cf0e8c36aa9201516028aed6b"
url = "https://github.com/starship/starship/releases/download/v1.26.0/starship-aarch64-unknown-linux-musl.tar.gz"
url_api = "https://api.github.com/repos/starship/starship/releases/assets/460374586"

[tools.starship."platforms.linux-x64"]
checksum = "sha256:b7c232b0e8249d8e55a40beb79c5c43a7d370f3f9408bd215deb0170daeaadf3"
url = "https://github.com/starship/starship/releases/download/v1.26.0/starship-x86_64-unknown-linux-musl.tar.gz"
url_api = "https://api.github.com/repos/starship/starship/releases/assets/460374630"

[tools.starship."platforms.linux-x64-musl"]
checksum = "sha256:b7c232b0e8249d8e55a40beb79c5c43a7d370f3f9408bd215deb0170daeaadf3"
url = "https://github.com/starship/starship/releases/download/v1.26.0/starship-x86_64-unknown-linux-musl.tar.gz"
url_api = "https://api.github.com/repos/starship/starship/releases/assets/460374630"

[tools.starship."platforms.macos-arm64"]
checksum = "sha256:c40b27b11f580411e068f2fa6c1be7830a387c0bc47a94d1d37f32b054c5361d"
url = "https://github.com/starship/starship/releases/download/v1.26.0/starship-aarch64-apple-darwin.tar.gz"
url_api = "https://api.github.com/repos/starship/starship/releases/assets/460374577"

[tools.starship."platforms.macos-x64"]
checksum = "sha256:5548f406a4b6f5695903bdea83f77ce47ec12c8c0e62dabd33122d8f133e4207"
url = "https://github.com/starship/starship/releases/download/v1.26.0/starship-x86_64-apple-darwin.tar.gz"
url_api = "https://api.github.com/repos/starship/starship/releases/assets/460374608"

[tools.starship."platforms.windows-x64"]
checksum = "sha256:690021e22f2bf2c57d5867dc0fababe5e55e714c26942bd909ffddb6c5df42f2"
url = "https://github.com/starship/starship/releases/download/v1.26.0/starship-x86_64-pc-windows-msvc.zip"
url_api = "https://api.github.com/repos/starship/starship/releases/assets/460374615"

[[tools.taplo]]
version = "0.10.0"
backend = "aqua:tamasfe/taplo"

[tools.taplo."platforms.linux-arm64"]
url = "https://github.com/tamasfe/taplo/releases/download/0.10.0/taplo-linux-aarch64.gz"
url_api = "https://api.github.com/repos/tamasfe/taplo/releases/assets/257322597"

[tools.taplo."platforms.linux-arm64-musl"]
url = "https://github.com/tamasfe/taplo/releases/download/0.10.0/taplo-linux-aarch64.gz"
url_api = "https://api.github.com/repos/tamasfe/taplo/releases/assets/257322597"

[tools.taplo."platforms.linux-x64"]
url = "https://github.com/tamasfe/taplo/releases/download/0.10.0/taplo-linux-x86_64.gz"
url_api = "https://api.github.com/repos/tamasfe/taplo/releases/assets/257322600"

[tools.taplo."platforms.linux-x64-musl"]
url = "https://github.com/tamasfe/taplo/releases/download/0.10.0/taplo-linux-x86_64.gz"
url_api = "https://api.github.com/repos/tamasfe/taplo/releases/assets/257322600"

[tools.taplo."platforms.macos-arm64"]
url = "https://github.com/tamasfe/taplo/releases/download/0.10.0/taplo-darwin-aarch64.gz"
url_api = "https://api.github.com/repos/tamasfe/taplo/releases/assets/257323110"

[tools.taplo."platforms.macos-x64"]
url = "https://github.com/tamasfe/taplo/releases/download/0.10.0/taplo-darwin-x86_64.gz"
url_api = "https://api.github.com/repos/tamasfe/taplo/releases/assets/257323116"

[tools.taplo."platforms.windows-x64"]
url = "https://github.com/tamasfe/taplo/releases/download/0.10.0/taplo-windows-x86_64.zip"
url_api = "https://api.github.com/repos/tamasfe/taplo/releases/assets/257323062"

[[tools.task]]
version = "3.52.0"
backend = "aqua:go-task/task"

[tools.task."platforms.linux-arm64"]
checksum = "sha256:7e0044108830cec0534577b289564e3b7c83e6df276feb631a1edc63d04e4ebe"
url = "https://github.com/go-task/task/releases/download/v3.52.0/task_linux_arm64.tar.gz"
url_api = "https://api.github.com/repos/go-task/task/releases/assets/464613352"

[tools.task."platforms.linux-arm64-musl"]
checksum = "sha256:7e0044108830cec0534577b289564e3b7c83e6df276feb631a1edc63d04e4ebe"
url = "https://github.com/go-task/task/releases/download/v3.52.0/task_linux_arm64.tar.gz"
url_api = "https://api.github.com/repos/go-task/task/releases/assets/464613352"

[tools.task."platforms.linux-x64"]
checksum = "sha256:02c679ffae53dca791804847d78b31731615894e292948397c971c87ac9e95bd"
url = "https://github.com/go-task/task/releases/download/v3.52.0/task_linux_amd64.tar.gz"
url_api = "https://api.github.com/repos/go-task/task/releases/assets/464613330"

[tools.task."platforms.linux-x64-musl"]
checksum = "sha256:02c679ffae53dca791804847d78b31731615894e292948397c971c87ac9e95bd"
url = "https://github.com/go-task/task/releases/download/v3.52.0/task_linux_amd64.tar.gz"
url_api = "https://api.github.com/repos/go-task/task/releases/assets/464613330"

[tools.task."platforms.macos-arm64"]
checksum = "sha256:debfa9a3bc06fcb5d5550b44725ecd22bb305499ce057bd6d7a774db5cdaa7b8"
url = "https://github.com/go-task/task/releases/download/v3.52.0/task_darwin_arm64.tar.gz"
url_api = "https://api.github.com/repos/go-task/task/releases/assets/464613319"

[tools.task."platforms.macos-x64"]
checksum = "sha256:416348147bc2f1c729417249d932add7894fb01a126128778195942c249d7c0b"
url = "https://github.com/go-task/task/releases/download/v3.52.0/task_darwin_amd64.tar.gz"
url_api = "https://api.github.com/repos/go-task/task/releases/assets/464613314"

[tools.task."platforms.windows-x64"]
checksum = "sha256:e3bd4439b445f4f135758a2666ec8b33ccde789f7f615309c58f116b0e566e79"
url = "https://github.com/go-task/task/releases/download/v3.52.0/task_windows_amd64.zip"
url_api = "https://api.github.com/repos/go-task/task/releases/assets/464613286"

[[tools.television]]
version = "0.15.9"
backend = "aqua:alexpasmantier/television"

[tools.television."platforms.linux-arm64"]
checksum = "sha256:78a246170c9d83bea0f0c4a3fa8c9bc5cee80bbe66d34946d06fdc5a17a2cd1a"
url = "https://github.com/alexpasmantier/television/releases/download/0.15.9/tv-0.15.9-aarch64-unknown-linux-gnu.tar.gz"
url_api = "https://api.github.com/repos/alexpasmantier/television/releases/assets/447569994"

[tools.television."platforms.linux-x64"]
checksum = "sha256:3410e34132f4e44fd439c711f08c15b3a21f51630657cb03f248b2c7aef3e29a"
url = "https://github.com/alexpasmantier/television/releases/download/0.15.9/tv-0.15.9-x86_64-unknown-linux-musl.tar.gz"
url_api = "https://api.github.com/repos/alexpasmantier/television/releases/assets/447569675"

[tools.television."platforms.linux-x64-musl"]
checksum = "sha256:3410e34132f4e44fd439c711f08c15b3a21f51630657cb03f248b2c7aef3e29a"
url = "https://github.com/alexpasmantier/television/releases/download/0.15.9/tv-0.15.9-x86_64-unknown-linux-musl.tar.gz"
url_api = "https://api.github.com/repos/alexpasmantier/television/releases/assets/447569675"

[tools.television."platforms.macos-arm64"]
checksum = "sha256:94ae7177d499f74e7544243ffe9c82371183ca11a6363f198a4b3d0e29f82732"
url = "https://github.com/alexpasmantier/television/releases/download/0.15.9/tv-0.15.9-aarch64-apple-darwin.tar.gz"
url_api = "https://api.github.com/repos/alexpasmantier/television/releases/assets/447568866"

[tools.television."platforms.macos-x64"]
checksum = "sha256:0c6029ced92ddcf8218a8ce9a9d605d232898e2df021ae212d38c66f6c3abaad"
url = "https://github.com/alexpasmantier/television/releases/download/0.15.9/tv-0.15.9-x86_64-apple-darwin.tar.gz"
url_api = "https://api.github.com/repos/alexpasmantier/television/releases/assets/447570866"

[tools.television."platforms.windows-x64"]
checksum = "sha256:b6ecb3bf2587d8068a50c855671b2b693acaf172fcddb6542b6f80db1e38b681"
url = "https://github.com/alexpasmantier/television/releases/download/0.15.9/tv-0.15.9-x86_64-pc-windows-msvc.tar.gz"
url_api = "https://api.github.com/repos/alexpasmantier/television/releases/assets/447571006"

[[tools.uv]]
version = "0.12.0"
backend = "asdf:uv"

[[tools.zoxide]]
version = "0.10.0"
backend = "aqua:ajeetdsouza/zoxide"
